
Microsoft Visual Studio Solution File, Format Version 12.00
# Visual Studio Version 16
VisualStudioVersion = 16.0.31729.503
MinimumVisualStudioVersion = 10.0.40219.1
Project("{FAE04EC0-301F-11D3-BF4B-00C04F79EFBC}") = "TPL_lab", "TPL_lab\TPL_lab.csproj", "{B8284A28-F368-4778-B081-CBD6FB43845C}"
EndProject
Global
	GlobalSection(SolutionConfigurationPlatforms) = preSolution
		Debug|Any CPU = Debug|Any CPU
		Release|Any CPU = Release|Any CPU
	EndGlobalSection
	GlobalSection(ProjectConfigurationPlatforms) = postSolution
		{B8284A28-F368-4778-B081-CBD6FB43845C}.Debug|Any CPU.ActiveCfg = Debug|Any CPU
		{B8284A28-F368-4778-B081-CBD6FB43845C}.Debug|Any CPU.Build.0 = Debug|Any CPU
		{B8284A28-F368-4778-B081-CBD6FB43845C}.Release|Any CPU.ActiveCfg = Release|Any CPU
		{B8284A28-F368-4778-B081-CBD6FB43845C}.Release|Any CPU.Build.0 = Release|Any CPU
	EndGlobalSection
	GlobalSection(SolutionProperties) = preSolution
		HideSolutionNode = FALSE
	EndGlobalSection
	GlobalSection(ExtensibilityGlobals) = postSolution
		SolutionGuid = {0794307D-7709-4FD6-93AB-70409CDF0F7E}
	EndGlobalSection
EndGlobal
